
Microsoft Visual Studio Solution File, Format Version 12.00
# Visual Studio Version 17
VisualStudioVersion = 17.0.31521.260
MinimumVisualStudioVersion = 10.0.40219.1
Project("{2150E333-8FDC-42A3-9474-1A3956D46DE8}") = "src", "src", "{92F40AFA-8416-40BE-9893-D35E1924C69D}"
EndProject
Project("{2150E333-8FDC-42A3-9474-1A3956D46DE8}") = "Services", "Services", "{4A1D2DFA-D091-4CD2-B9CB-D7AAA795ABD9}"
EndProject
Project("{2150E333-8FDC-42A3-9474-1A3956D46DE8}") = "dapr", "dapr", "{E011B243-0389-468B-B903-83445BED69A4}"
EndProject
Project("{2150E333-8FDC-42A3-9474-1A3956D46DE8}") = "components", "components", "{FBFB499A-7022-4417-881B-68F63DBDB7F4}"
	ProjectSection(SolutionItems) = preProject
		dapr\components\masa-framework-pubsub.yaml = dapr\components\masa-framework-pubsub.yaml
		dapr\components\masa-framework-secretstore.yaml = dapr\components\masa-framework-secretstore.yaml
		dapr\components\masa-framework-statestore.yaml = dapr\components\masa-framework-statestore.yaml
	EndProjectSection
EndProject
Project("{9A19103F-16F7-4668-BE54-9A1E7A4F7556}") = "MASA.PM.Service.Admin", "src\Services\MASA.PM.Service.Admin\MASA.PM.Service.Admin.csproj", "{87A8E21E-DF58-4BEA-8EA1-EF333BE4D2B3}"
EndProject
Project("{2150E333-8FDC-42A3-9474-1A3956D46DE8}") = "Web", "Web", "{F3986DD3-0372-4929-B72A-09D93196541E}"
EndProject
Project("{2150E333-8FDC-42A3-9474-1A3956D46DE8}") = "ApiGateways", "ApiGateways", "{32774681-0D67-48A6-A379-D57015094F85}"
EndProject
Project("{9A19103F-16F7-4668-BE54-9A1E7A4F7556}") = "MASA.PM.Caller", "src\ApiGateways\Caller\MASA.PM.Caller\MASA.PM.Caller.csproj", "{40685EC0-64DF-4742-B8F6-602AFAEFC0EA}"
EndProject
Project("{2150E333-8FDC-42A3-9474-1A3956D46DE8}") = "Contracts", "Contracts", "{88AD0A79-5286-4C1C-8A58-AAC9E6870CCD}"
EndProject
Project("{9A19103F-16F7-4668-BE54-9A1E7A4F7556}") = "MASA.PM.Contracts.Admin", "src\Contracts\MASA.PM.Contracts.Admin\MASA.PM.Contracts.Admin.csproj", "{1A0D1DE9-8CD6-4C4D-8DEA-709BA651B3C3}"
EndProject
Project("{E53339B2-1760-4266-BCC7-CA923CBCF16C}") = "docker-compose", "docker-compose.dcproj", "{952C33CD-4AD7-4234-8B7D-A08D9D773E4B}"
EndProject
Project("{9A19103F-16F7-4668-BE54-9A1E7A4F7556}") = "MASA.PM.Web.Admin", "src\Web\MASA.PM.Web.Admin\MASA.PM.Web.Admin.csproj", "{875A21C7-7199-4B7E-BAE0-77351556462A}"
EndProject
Project("{2150E333-8FDC-42A3-9474-1A3956D46DE8}") = "Solution Items", "Solution Items", "{2DC7FF52-E562-4C51-BA03-A791D3D1D9F5}"
	ProjectSection(SolutionItems) = preProject
		.editorconfig = .editorconfig
		Directory.Build.props = Directory.Build.props
		power.ps1 = power.ps1
	EndProjectSection
EndProject
Project("{FAE04EC0-301F-11D3-BF4B-00C04F79EFBC}") = "MASA.PM.Web.Docs", "src\Web\MASA.PM.Web.Docs\MASA.PM.Web.Docs.csproj", "{B10EB74D-1D73-45EE-9656-8AADAFAE565E}"
EndProject
Project("{2150E333-8FDC-42A3-9474-1A3956D46DE8}") = "Infrastructures", "Infrastructures", "{FE548F7B-51CA-45A1-8F0D-7075BB93F993}"
EndProject
Project("{FAE04EC0-301F-11D3-BF4B-00C04F79EFBC}") = "MASA.PM.Infrastructure.Domain", "src\Infrastructures\MASA.PM.Infrastructure.Domain\MASA.PM.Infrastructure.Domain.csproj", "{D6F4DDC6-5EAD-4896-9B97-E89EBE538926}"
EndProject
Project("{FAE04EC0-301F-11D3-BF4B-00C04F79EFBC}") = "MASA.PM.Infrastructure.EFCore", "src\Infrastructures\MASA.PM.Infrastructure.EFCore\MASA.PM.Infrastructure.EFCore.csproj", "{0D4CF849-130F-4122-9A6B-5F613442A765}"
EndProject
Project("{FAE04EC0-301F-11D3-BF4B-00C04F79EFBC}") = "MASA.PM.Infrastructure.EFCore.SqlServer", "src\Infrastructures\MASA.PM.Infrastructure.EFCore.SqlServer\MASA.PM.Infrastructure.EFCore.SqlServer.csproj", "{F0F1C37B-BF17-4E47-9511-82DBF9335D81}"
EndProject
Project("{FAE04EC0-301F-11D3-BF4B-00C04F79EFBC}") = "MASA.PM.Infrastructure.EFCore.PostgreSql", "src\Infrastructures\MASA.PM.Infrastructure.EFCore.PostgreSql\MASA.PM.Infrastructure.EFCore.PostgreSql.csproj", "{41D93065-3972-486C-AD70-42C8757CBFF9}"
EndProject
Project("{FAE04EC0-301F-11D3-BF4B-00C04F79EFBC}") = "MASA.PM.Infrastructure.Repository", "src\Infrastructures\MASA.PM.Infrastructure.Repository\MASA.PM.Infrastructure.Repository.csproj", "{C0E3C010-6222-464D-BF0A-079008E6711D}"
EndProject
Project("{FAE04EC0-301F-11D3-BF4B-00C04F79EFBC}") = "MASA.PM.Infrastructure.Domain.Shared", "src\Infrastructures\MASA.PM.Infrastructure.Domain.Shared\MASA.PM.Infrastructure.Domain.Shared.csproj", "{59188F3D-24E5-4C5C-B776-5B686693ECD7}"
EndProject
Project("{FAE04EC0-301F-11D3-BF4B-00C04F79EFBC}") = "MASA.PM.Web.Rcl", "src\Web\MASA.PM.Web.Rcl\MASA.PM.Web.Rcl.csproj", "{DBAD7AFB-E8AE-46A2-818E-6B3014543868}"
EndProject
Project("{FAE04EC0-301F-11D3-BF4B-00C04F79EFBC}") = "MASA.PM.Web.WebAssembly", "src\Web\MASA.PM.Web.WebAssembly\MASA.PM.Web.WebAssembly\MASA.PM.Web.WebAssembly.csproj", "{08D578D2-6A12-477D-B598-19B74068A837}"
EndProject
Global
	GlobalSection(SolutionConfigurationPlatforms) = preSolution
		Debug|Any CPU = Debug|Any CPU
		Debug|x86 = Debug|x86
		Release|Any CPU = Release|Any CPU
		Release|x86 = Release|x86
	EndGlobalSection
	GlobalSection(ProjectConfigurationPlatforms) = postSolution
		{87A8E21E-DF58-4BEA-8EA1-EF333BE4D2B3}.Debug|Any CPU.ActiveCfg = Debug|Any CPU
		{87A8E21E-DF58-4BEA-8EA1-EF333BE4D2B3}.Debug|Any CPU.Build.0 = Debug|Any CPU
		{87A8E21E-DF58-4BEA-8EA1-EF333BE4D2B3}.Debug|x86.ActiveCfg = Debug|Any CPU
		{87A8E21E-DF58-4BEA-8EA1-EF333BE4D2B3}.Debug|x86.Build.0 = Debug|Any CPU
		{87A8E21E-DF58-4BEA-8EA1-EF333BE4D2B3}.Release|Any CPU.ActiveCfg = Release|Any CPU
		{87A8E21E-DF58-4BEA-8EA1-EF333BE4D2B3}.Release|Any CPU.Build.0 = Release|Any CPU
		{87A8E21E-DF58-4BEA-8EA1-EF333BE4D2B3}.Release|x86.ActiveCfg = Release|Any CPU
		{87A8E21E-DF58-4BEA-8EA1-EF333BE4D2B3}.Release|x86.Build.0 = Release|Any CPU
		{40685EC0-64DF-4742-B8F6-602AFAEFC0EA}.Debug|Any CPU.ActiveCfg = Debug|Any CPU
		{40685EC0-64DF-4742-B8F6-602AFAEFC0EA}.Debug|Any CPU.Build.0 = Debug|Any CPU
		{40685EC0-64DF-4742-B8F6-602AFAEFC0EA}.Debug|x86.ActiveCfg = Debug|Any CPU
		{40685EC0-64DF-4742-B8F6-602AFAEFC0EA}.Debug|x86.Build.0 = Debug|Any CPU
		{40685EC0-64DF-4742-B8F6-602AFAEFC0EA}.Release|Any CPU.ActiveCfg = Release|Any CPU
		{40685EC0-64DF-4742-B8F6-602AFAEFC0EA}.Release|Any CPU.Build.0 = Release|Any CPU
		{40685EC0-64DF-4742-B8F6-602AFAEFC0EA}.Release|x86.ActiveCfg = Release|Any CPU
		{40685EC0-64DF-4742-B8F6-602AFAEFC0EA}.Release|x86.Build.0 = Release|Any CPU
		{1A0D1DE9-8CD6-4C4D-8DEA-709BA651B3C3}.Debug|Any CPU.ActiveCfg = Debug|Any CPU
		{1A0D1DE9-8CD6-4C4D-8DEA-709BA651B3C3}.Debug|Any CPU.Build.0 = Debug|Any CPU
		{1A0D1DE9-8CD6-4C4D-8DEA-709BA651B3C3}.Debug|x86.ActiveCfg = Debug|Any CPU
		{1A0D1DE9-8CD6-4C4D-8DEA-709BA651B3C3}.Debug|x86.Build.0 = Debug|Any CPU
		{1A0D1DE9-8CD6-4C4D-8DEA-709BA651B3C3}.Release|Any CPU.ActiveCfg = Release|Any CPU
		{1A0D1DE9-8CD6-4C4D-8DEA-709BA651B3C3}.Release|Any CPU.Build.0 = Release|Any CPU
		{1A0D1DE9-8CD6-4C4D-8DEA-709BA651B3C3}.Release|x86.ActiveCfg = Release|Any CPU
		{1A0D1DE9-8CD6-4C4D-8DEA-709BA651B3C3}.Release|x86.Build.0 = Release|Any CPU
		{952C33CD-4AD7-4234-8B7D-A08D9D773E4B}.Debug|Any CPU.ActiveCfg = Debug|Any CPU
		{952C33CD-4AD7-4234-8B7D-A08D9D773E4B}.Debug|Any CPU.Build.0 = Debug|Any CPU
		{952C33CD-4AD7-4234-8B7D-A08D9D773E4B}.Debug|x86.ActiveCfg = Debug|Any CPU
		{952C33CD-4AD7-4234-8B7D-A08D9D773E4B}.Debug|x86.Build.0 = Debug|Any CPU
		{952C33CD-4AD7-4234-8B7D-A08D9D773E4B}.Release|Any CPU.ActiveCfg = Release|Any CPU
		{952C33CD-4AD7-4234-8B7D-A08D9D773E4B}.Release|Any CPU.Build.0 = Release|Any CPU
		{952C33CD-4AD7-4234-8B7D-A08D9D773E4B}.Release|x86.ActiveCfg = Release|Any CPU
		{952C33CD-4AD7-4234-8B7D-A08D9D773E4B}.Release|x86.Build.0 = Release|Any CPU
		{875A21C7-7199-4B7E-BAE0-77351556462A}.Debug|Any CPU.ActiveCfg = Debug|Any CPU
		{875A21C7-7199-4B7E-BAE0-77351556462A}.Debug|Any CPU.Build.0 = Debug|Any CPU
		{875A21C7-7199-4B7E-BAE0-77351556462A}.Debug|x86.ActiveCfg = Debug|Any CPU
		{875A21C7-7199-4B7E-BAE0-77351556462A}.Debug|x86.Build.0 = Debug|Any CPU
		{875A21C7-7199-4B7E-BAE0-77351556462A}.Release|Any CPU.ActiveCfg = Release|Any CPU
		{875A21C7-7199-4B7E-BAE0-77351556462A}.Release|Any CPU.Build.0 = Release|Any CPU
		{875A21C7-7199-4B7E-BAE0-77351556462A}.Release|x86.ActiveCfg = Release|Any CPU
		{875A21C7-7199-4B7E-BAE0-77351556462A}.Release|x86.Build.0 = Release|Any CPU
		{B10EB74D-1D73-45EE-9656-8AADAFAE565E}.Debug|Any CPU.ActiveCfg = Debug|Any CPU
		{B10EB74D-1D73-45EE-9656-8AADAFAE565E}.Debug|Any CPU.Build.0 = Debug|Any CPU
		{B10EB74D-1D73-45EE-9656-8AADAFAE565E}.Debug|x86.ActiveCfg = Debug|Any CPU
		{B10EB74D-1D73-45EE-9656-8AADAFAE565E}.Debug|x86.Build.0 = Debug|Any CPU
		{B10EB74D-1D73-45EE-9656-8AADAFAE565E}.Release|Any CPU.ActiveCfg = Release|Any CPU
		{B10EB74D-1D73-45EE-9656-8AADAFAE565E}.Release|Any CPU.Build.0 = Release|Any CPU
		{B10EB74D-1D73-45EE-9656-8AADAFAE565E}.Release|x86.ActiveCfg = Release|Any CPU
		{B10EB74D-1D73-45EE-9656-8AADAFAE565E}.Release|x86.Build.0 = Release|Any CPU
		{D6F4DDC6-5EAD-4896-9B97-E89EBE538926}.Debug|Any CPU.ActiveCfg = Debug|Any CPU
		{D6F4DDC6-5EAD-4896-9B97-E89EBE538926}.Debug|Any CPU.Build.0 = Debug|Any CPU
		{D6F4DDC6-5EAD-4896-9B97-E89EBE538926}.Debug|x86.ActiveCfg = Debug|Any CPU
		{D6F4DDC6-5EAD-4896-9B97-E89EBE538926}.Debug|x86.Build.0 = Debug|Any CPU
		{D6F4DDC6-5EAD-4896-9B97-E89EBE538926}.Release|Any CPU.ActiveCfg = Release|Any CPU
		{D6F4DDC6-5EAD-4896-9B97-E89EBE538926}.Release|Any CPU.Build.0 = Release|Any CPU
		{D6F4DDC6-5EAD-4896-9B97-E89EBE538926}.Release|x86.ActiveCfg = Release|Any CPU
		{D6F4DDC6-5EAD-4896-9B97-E89EBE538926}.Release|x86.Build.0 = Release|Any CPU
		{0D4CF849-130F-4122-9A6B-5F613442A765}.Debug|Any CPU.ActiveCfg = Debug|Any CPU
		{0D4CF849-130F-4122-9A6B-5F613442A765}.Debug|Any CPU.Build.0 = Debug|Any CPU
		{0D4CF849-130F-4122-9A6B-5F613442A765}.Debug|x86.ActiveCfg = Debug|Any CPU
		{0D4CF849-130F-4122-9A6B-5F613442A765}.Debug|x86.Build.0 = Debug|Any CPU
		{0D4CF849-130F-4122-9A6B-5F613442A765}.Release|Any CPU.ActiveCfg = Release|Any CPU
		{0D4CF849-130F-4122-9A6B-5F613442A765}.Release|Any CPU.Build.0 = Release|Any CPU
		{0D4CF849-130F-4122-9A6B-5F613442A765}.Release|x86.ActiveCfg = Release|Any CPU
		{0D4CF849-130F-4122-9A6B-5F613442A765}.Release|x86.Build.0 = Release|Any CPU
		{F0F1C37B-BF17-4E47-9511-82DBF9335D81}.Debug|Any CPU.ActiveCfg = Debug|Any CPU
		{F0F1C37B-BF17-4E47-9511-82DBF9335D81}.Debug|Any CPU.Build.0 = Debug|Any CPU
		{F0F1C37B-BF17-4E47-9511-82DBF9335D81}.Debug|x86.ActiveCfg = Debug|Any CPU
		{F0F1C37B-BF17-4E47-9511-82DBF9335D81}.Debug|x86.Build.0 = Debug|Any CPU
		{F0F1C37B-BF17-4E47-9511-82DBF9335D81}.Release|Any CPU.ActiveCfg = Release|Any CPU
		{F0F1C37B-BF17-4E47-9511-82DBF9335D81}.Release|Any CPU.Build.0 = Release|Any CPU
		{F0F1C37B-BF17-4E47-9511-82DBF9335D81}.Release|x86.ActiveCfg = Release|Any CPU
		{F0F1C37B-BF17-4E47-9511-82DBF9335D81}.Release|x86.Build.0 = Release|Any CPU
		{41D93065-3972-486C-AD70-42C8757CBFF9}.Debug|Any CPU.ActiveCfg = Debug|Any CPU
		{41D93065-3972-486C-AD70-42C8757CBFF9}.Debug|Any CPU.Build.0 = Debug|Any CPU
		{41D93065-3972-486C-AD70-42C8757CBFF9}.Debug|x86.ActiveCfg = Debug|Any CPU
		{41D93065-3972-486C-AD70-42C8757CBFF9}.Debug|x86.Build.0 = Debug|Any CPU
		{41D93065-3972-486C-AD70-42C8757CBFF9}.Release|Any CPU.ActiveCfg = Release|Any CPU
		{41D93065-3972-486C-AD70-42C8757CBFF9}.Release|Any CPU.Build.0 = Release|Any CPU
		{41D93065-3972-486C-AD70-42C8757CBFF9}.Release|x86.ActiveCfg = Release|Any CPU
		{41D93065-3972-486C-AD70-42C8757CBFF9}.Release|x86.Build.0 = Release|Any CPU
		{C0E3C010-6222-464D-BF0A-079008E6711D}.Debug|Any CPU.ActiveCfg = Debug|Any CPU
		{C0E3C010-6222-464D-BF0A-079008E6711D}.Debug|Any CPU.Build.0 = Debug|Any CPU
		{C0E3C010-6222-464D-BF0A-079008E6711D}.Debug|x86.ActiveCfg = Debug|Any CPU
		{C0E3C010-6222-464D-BF0A-079008E6711D}.Debug|x86.Build.0 = Debug|Any CPU
		{C0E3C010-6222-464D-BF0A-079008E6711D}.Release|Any CPU.ActiveCfg = Release|Any CPU
		{C0E3C010-6222-464D-BF0A-079008E6711D}.Release|Any CPU.Build.0 = Release|Any CPU
		{C0E3C010-6222-464D-BF0A-079008E6711D}.Release|x86.ActiveCfg = Release|Any CPU
		{C0E3C010-6222-464D-BF0A-079008E6711D}.Release|x86.Build.0 = Release|Any CPU
		{59188F3D-24E5-4C5C-B776-5B686693ECD7}.Debug|Any CPU.ActiveCfg = Debug|Any CPU
		{59188F3D-24E5-4C5C-B776-5B686693ECD7}.Debug|Any CPU.Build.0 = Debug|Any CPU
		{59188F3D-24E5-4C5C-B776-5B686693ECD7}.Debug|x86.ActiveCfg = Debug|Any CPU
		{59188F3D-24E5-4C5C-B776-5B686693ECD7}.Debug|x86.Build.0 = Debug|Any CPU
		{59188F3D-24E5-4C5C-B776-5B686693ECD7}.Release|Any CPU.ActiveCfg = Release|Any CPU
		{59188F3D-24E5-4C5C-B776-5B686693ECD7}.Release|Any CPU.Build.0 = Release|Any CPU
		{59188F3D-24E5-4C5C-B776-5B686693ECD7}.Release|x86.ActiveCfg = Release|Any CPU
		{59188F3D-24E5-4C5C-B776-5B686693ECD7}.Release|x86.Build.0 = Release|Any CPU
		{DBAD7AFB-E8AE-46A2-818E-6B3014543868}.Debug|Any CPU.ActiveCfg = Debug|Any CPU
		{DBAD7AFB-E8AE-46A2-818E-6B3014543868}.Debug|Any CPU.Build.0 = Debug|Any CPU
		{DBAD7AFB-E8AE-46A2-818E-6B3014543868}.Debug|x86.ActiveCfg = Debug|Any CPU
		{DBAD7AFB-E8AE-46A2-818E-6B3014543868}.Debug|x86.Build.0 = Debug|Any CPU
		{DBAD7AFB-E8AE-46A2-818E-6B3014543868}.Release|Any CPU.ActiveCfg = Release|Any CPU
		{DBAD7AFB-E8AE-46A2-818E-6B3014543868}.Release|Any CPU.Build.0 = Release|Any CPU
		{DBAD7AFB-E8AE-46A2-818E-6B3014543868}.Release|x86.ActiveCfg = Release|Any CPU
		{DBAD7AFB-E8AE-46A2-818E-6B3014543868}.Release|x86.Build.0 = Release|Any CPU
		{08D578D2-6A12-477D-B598-19B74068A837}.Debug|Any CPU.ActiveCfg = Debug|Any CPU
		{08D578D2-6A12-477D-B598-19B74068A837}.Debug|Any CPU.Build.0 = Debug|Any CPU
		{08D578D2-6A12-477D-B598-19B74068A837}.Debug|x86.ActiveCfg = Debug|Any CPU
		{08D578D2-6A12-477D-B598-19B74068A837}.Debug|x86.Build.0 = Debug|Any CPU
		{08D578D2-6A12-477D-B598-19B74068A837}.Release|Any CPU.ActiveCfg = Release|Any CPU
		{08D578D2-6A12-477D-B598-19B74068A837}.Release|Any CPU.Build.0 = Release|Any CPU
		{08D578D2-6A12-477D-B598-19B74068A837}.Release|x86.ActiveCfg = Release|Any CPU
		{08D578D2-6A12-477D-B598-19B74068A837}.Release|x86.Build.0 = Release|Any CPU
	EndGlobalSection
	GlobalSection(SolutionProperties) = preSolution
		HideSolutionNode = FALSE
	EndGlobalSection
	GlobalSection(NestedProjects) = preSolution
		{4A1D2DFA-D091-4CD2-B9CB-D7AAA795ABD9} = {92F40AFA-8416-40BE-9893-D35E1924C69D}
		{FBFB499A-7022-4417-881B-68F63DBDB7F4} = {E011B243-0389-468B-B903-83445BED69A4}
		{87A8E21E-DF58-4BEA-8EA1-EF333BE4D2B3} = {4A1D2DFA-D091-4CD2-B9CB-D7AAA795ABD9}
		{F3986DD3-0372-4929-B72A-09D93196541E} = {92F40AFA-8416-40BE-9893-D35E1924C69D}
		{32774681-0D67-48A6-A379-D57015094F85} = {92F40AFA-8416-40BE-9893-D35E1924C69D}
		{40685EC0-64DF-4742-B8F6-602AFAEFC0EA} = {32774681-0D67-48A6-A379-D57015094F85}
		{88AD0A79-5286-4C1C-8A58-AAC9E6870CCD} = {92F40AFA-8416-40BE-9893-D35E1924C69D}
		{1A0D1DE9-8CD6-4C4D-8DEA-709BA651B3C3} = {88AD0A79-5286-4C1C-8A58-AAC9E6870CCD}
		{875A21C7-7199-4B7E-BAE0-77351556462A} = {F3986DD3-0372-4929-B72A-09D93196541E}
		{B10EB74D-1D73-45EE-9656-8AADAFAE565E} = {F3986DD3-0372-4929-B72A-09D93196541E}
		{FE548F7B-51CA-45A1-8F0D-7075BB93F993} = {92F40AFA-8416-40BE-9893-D35E1924C69D}
		{D6F4DDC6-5EAD-4896-9B97-E89EBE538926} = {FE548F7B-51CA-45A1-8F0D-7075BB93F993}
		{0D4CF849-130F-4122-9A6B-5F613442A765} = {FE548F7B-51CA-45A1-8F0D-7075BB93F993}
		{F0F1C37B-BF17-4E47-9511-82DBF9335D81} = {FE548F7B-51CA-45A1-8F0D-7075BB93F993}
		{41D93065-3972-486C-AD70-42C8757CBFF9} = {FE548F7B-51CA-45A1-8F0D-7075BB93F993}
		{C0E3C010-6222-464D-BF0A-079008E6711D} = {FE548F7B-51CA-45A1-8F0D-7075BB93F993}
		{59188F3D-24E5-4C5C-B776-5B686693ECD7} = {FE548F7B-51CA-45A1-8F0D-7075BB93F993}
		{DBAD7AFB-E8AE-46A2-818E-6B3014543868} = {F3986DD3-0372-4929-B72A-09D93196541E}
		{08D578D2-6A12-477D-B598-19B74068A837} = {F3986DD3-0372-4929-B72A-09D93196541E}
	EndGlobalSection
	GlobalSection(ExtensibilityGlobals) = postSolution
		SolutionGuid = {B83BA2BA-19E5-41FB-A92A-16A03DA229E4}
	EndGlobalSection
EndGlobal
